// !$*UTF8*$!
{
   archiveVersion = "1";
   objectVersion = "46";
   objects = {
      "BigInt::BigInt" = {
         isa = "PBXNativeTarget";
         buildConfigurationList = "OBJ_333";
         buildPhases = (
            "OBJ_336",
            "OBJ_359",
         );
         dependencies = (
            "OBJ_361",
         );
         name = "BigInt";
         productName = "BigInt";
         productReference = "BigInt::BigInt::Product";
         productType = "com.apple.product-type.framework";
      };
      "BigInt::BigInt::Product" = {
         isa = "PBXFileReference";
         path = "BigInt.framework";
         sourceTree = "BUILT_PRODUCTS_DIR";
      };
      "BigInt::SwiftPMPackageDescription" = {
         isa = "PBXNativeTarget";
         buildConfigurationList = "OBJ_183";
         buildPhases = (
            "OBJ_186",
         );
         dependencies = (
         );
         name = "BigIntPackageDescription";
         productName = "BigIntPackageDescription";
         productType = "com.apple.product-type.framework";
      };
      "CryptoSwift::CryptoSwift" = {
         isa = "PBXNativeTarget";
         buildConfigurationList = "OBJ_264";
         buildPhases = (
            "OBJ_267",
            "OBJ_332",
         );
         dependencies = (
         );
         name = "CryptoSwift";
         productName = "CryptoSwift";
         productReference = "CryptoSwift::CryptoSwift::Product";
         productType = "com.apple.product-type.framework";
      };
      "CryptoSwift::CryptoSwift::Product" = {
         isa = "PBXFileReference";
         path = "CryptoSwift.framework";
         sourceTree = "BUILT_PRODUCTS_DIR";
      };
      "CryptoSwift::SwiftPMPackageDescription" = {
         isa = "PBXNativeTarget";
         buildConfigurationList = "OBJ_177";
         buildPhases = (
            "OBJ_180",
         );
         dependencies = (
         );
         name = "CryptoSwiftPackageDescription";
         productName = "CryptoSwiftPackageDescription";
         productType = "com.apple.product-type.framework";
      };
      "OBJ_1" = {
         isa = "PBXProject";
         attributes = {
            LastUpgradeCheck = "9999";
         };
         buildConfigurationList = "OBJ_2";
         compatibilityVersion = "Xcode 3.2";
         developmentRegion = "English";
         hasScannedForEncodings = "0";
         knownRegions = (
            "en",
         );
         mainGroup = "OBJ_5";
         productRefGroup = "OBJ_164";
         projectDirPath = ".";
         targets = (
            "web3swift::SwiftPMPackageDescription",
            "CryptoSwift::SwiftPMPackageDescription",
            "BigInt::SwiftPMPackageDescription",
            "SipHash::SwiftPMPackageDescription",
            "web3swift::web3swiftlinuxTests",
            "web3swift::web3swift",
            "CryptoSwift::CryptoSwift",
            "BigInt::BigInt",
            "SipHash::SipHash",
            "web3swift::web3swiftPackageTests::ProductTarget",
            "secp256k1_swift::secp256k1_swift::ProductTarget",
            "Sodium::Sodium::ProductTarget",
         );
      };
      "OBJ_10" = {
         isa = "PBXGroup";
         children = (
            "OBJ_11",
            "OBJ_12",
            "OBJ_13",
            "OBJ_14",
            "OBJ_15",
         );
         name = "Classes";
         path = "Classes";
         sourceTree = "<group>";
      };
      "OBJ_100" = {
         isa = "PBXFileReference";
         path = "String+FoundationExtension.swift";
         sourceTree = "<group>";
      };
      "OBJ_101" = {
         isa = "PBXFileReference";
         path = "Utils+Foundation.swift";
         sourceTree = "<group>";
      };
      "OBJ_102" = {
         isa = "PBXFileReference";
         path = "Generics.swift";
         sourceTree = "<group>";
      };
      "OBJ_103" = {
         isa = "PBXFileReference";
         path = "HKDF.swift";
         sourceTree = "<group>";
      };
      "OBJ_104" = {
         isa = "PBXFileReference";
         path = "HMAC.swift";
         sourceTree = "<group>";
      };
      "OBJ_105" = {
         isa = "PBXFileReference";
         path = "Int+Extension.swift";
         sourceTree = "<group>";
      };
      "OBJ_106" = {
         isa = "PBXFileReference";
         path = "MD5.swift";
         sourceTree = "<group>";
      };
      "OBJ_107" = {
         isa = "PBXFileReference";
         path = "NoPadding.swift";
         sourceTree = "<group>";
      };
      "OBJ_108" = {
         isa = "PBXFileReference";
         path = "Operators.swift";
         sourceTree = "<group>";
      };
      "OBJ_109" = {
         isa = "PBXGroup";
         children = (
            "OBJ_110",
            "OBJ_111",
            "OBJ_112",
            "OBJ_113",
            "OBJ_114",
         );
         name = "PKCS";
         path = "PKCS";
         sourceTree = "<group>";
      };
      "OBJ_11" = {
         isa = "PBXFileReference";
         path = "ABIDecoder.swift";
         sourceTree = "<group>";
      };
      "OBJ_110" = {
         isa = "PBXFileReference";
         path = "PBKDF1.swift";
         sourceTree = "<group>";
      };
      "OBJ_111" = {
         isa = "PBXFileReference";
         path = "PBKDF2.swift";
         sourceTree = "<group>";
      };
      "OBJ_112" = {
         isa = "PBXFileReference";
         path = "PKCS5.swift";
         sourceTree = "<group>";
      };
      "OBJ_113" = {
         isa = "PBXFileReference";
         path = "PKCS7.swift";
         sourceTree = "<group>";
      };
      "OBJ_114" = {
         isa = "PBXFileReference";
         path = "PKCS7Padding.swift";
         sourceTree = "<group>";
      };
      "OBJ_115" = {
         isa = "PBXFileReference";
         path = "Padding.swift";
         sourceTree = "<group>";
      };
      "OBJ_116" = {
         isa = "PBXFileReference";
         path = "Poly1305.swift";
         sourceTree = "<group>";
      };
      "OBJ_117" = {
         isa = "PBXFileReference";
         path = "Rabbit.swift";
         sourceTree = "<group>";
      };
      "OBJ_118" = {
         isa = "PBXFileReference";
         path = "RandomAccessCryptor.swift";
         sourceTree = "<group>";
      };
      "OBJ_119" = {
         isa = "PBXFileReference";
         path = "RandomBytesSequence.swift";
         sourceTree = "<group>";
      };
      "OBJ_12" = {
         isa = "PBXFileReference";
         path = "ABIEncoder.swift";
         sourceTree = "<group>";
      };
      "OBJ_120" = {
         isa = "PBXFileReference";
         path = "SHA1.swift";
         sourceTree = "<group>";
      };
      "OBJ_121" = {
         isa = "PBXFileReference";
         path = "SHA2.swift";
         sourceTree = "<group>";
      };
      "OBJ_122" = {
         isa = "PBXFileReference";
         path = "SHA3.swift";
         sourceTree = "<group>";
      };
      "OBJ_123" = {
         isa = "PBXFileReference";
         path = "SecureBytes.swift";
         sourceTree = "<group>";
      };
      "OBJ_124" = {
         isa = "PBXFileReference";
         path = "String+Extension.swift";
         sourceTree = "<group>";
      };
      "OBJ_125" = {
         isa = "PBXFileReference";
         path = "UInt16+Extension.swift";
         sourceTree = "<group>";
      };
      "OBJ_126" = {
         isa = "PBXFileReference";
         path = "UInt32+Extension.swift";
         sourceTree = "<group>";
      };
      "OBJ_127" = {
         isa = "PBXFileReference";
         path = "UInt64+Extension.swift";
         sourceTree = "<group>";
      };
      "OBJ_128" = {
         isa = "PBXFileReference";
         path = "UInt8+Extension.swift";
         sourceTree = "<group>";
      };
      "OBJ_129" = {
         isa = "PBXFileReference";
         path = "Updatable.swift";
         sourceTree = "<group>";
      };
      "OBJ_13" = {
         isa = "PBXFileReference";
         path = "ABIRecordParser.swift";
         sourceTree = "<group>";
      };
      "OBJ_130" = {
         isa = "PBXFileReference";
         path = "Utils.swift";
         sourceTree = "<group>";
      };
      "OBJ_131" = {
         isa = "PBXFileReference";
         path = "ZeroPadding.swift";
         sourceTree = "<group>";
      };
      "OBJ_132" = {
         isa = "PBXFileReference";
         explicitFileType = "sourcecode.swift";
         name = "Package.swift";
         path = "/Users/bbaron/workspacex/web3swift/.build/checkouts/CryptoSwift.git--6440749087414195235/Package.swift";
         sourceTree = "<group>";
      };
      "OBJ_133" = {
         isa = "PBXGroup";
         children = (
            "OBJ_134",
            "OBJ_135",
            "OBJ_136",
            "OBJ_137",
            "OBJ_138",
            "OBJ_139",
            "OBJ_140",
            "OBJ_141",
            "OBJ_142",
            "OBJ_143",
            "OBJ_144",
            "OBJ_145",
            "OBJ_146",
            "OBJ_147",
            "OBJ_148",
            "OBJ_149",
            "OBJ_150",
            "OBJ_151",
            "OBJ_152",
            "OBJ_153",
            "OBJ_154",
            "OBJ_155",
            "OBJ_156",
         );
         name = "BigInt 3.0.2";
         path = ".build/checkouts/BigInt.git--5127040856227023039/sources";
         sourceTree = "SOURCE_ROOT";
      };
      "OBJ_134" = {
         isa = "PBXFileReference";
         explicitFileType = "sourcecode.swift";
         name = "Package.swift";
         path = "/Users/bbaron/workspacex/web3swift/.build/checkouts/BigInt.git--5127040856227023039/Package.swift";
         sourceTree = "<group>";
      };
      "OBJ_135" = {
         isa = "PBXFileReference";
         path = "Addition.swift";
         sourceTree = "<group>";
      };
      "OBJ_136" = {
         isa = "PBXFileReference";
         path = "BigInt.swift";
         sourceTree = "<group>";
      };
      "OBJ_137" = {
         isa = "PBXFileReference";
         path = "BigUInt.swift";
         sourceTree = "<group>";
      };
      "OBJ_138" = {
         isa = "PBXFileReference";
         path = "Bitwise Ops.swift";
         sourceTree = "<group>";
      };
      "OBJ_139" = {
         isa = "PBXFileReference";
         path = "Codable.swift";
         sourceTree = "<group>";
      };
      "OBJ_14" = {
         isa = "PBXFileReference";
         path = "ABITypes.swift";
         sourceTree = "<group>";
      };
      "OBJ_140" = {
         isa = "PBXFileReference";
         path = "Comparable.swift";
         sourceTree = "<group>";
      };
      "OBJ_141" = {
         isa = "PBXFileReference";
         path = "Data Conversion.swift";
         sourceTree = "<group>";
      };
      "OBJ_142" = {
         isa = "PBXFileReference";
         path = "Division.swift";
         sourceTree = "<group>";
      };
      "OBJ_143" = {
         isa = "PBXFileReference";
         path = "Exponentiation.swift";
         sourceTree = "<group>";
      };
      "OBJ_144" = {
         isa = "PBXFileReference";
         path = "Floating Point Conversion.swift";
         sourceTree = "<group>";
      };
      "OBJ_145" = {
         isa = "PBXFileReference";
         path = "GCD.swift";
         sourceTree = "<group>";
      };
      "OBJ_146" = {
         isa = "PBXFileReference";
         path = "Hashable.swift";
         sourceTree = "<group>";
      };
      "OBJ_147" = {
         isa = "PBXFileReference";
         path = "Integer Conversion.swift";
         sourceTree = "<group>";
      };
      "OBJ_148" = {
         isa = "PBXFileReference";
         path = "Multiplication.swift";
         sourceTree = "<group>";
      };
      "OBJ_149" = {
         isa = "PBXFileReference";
         path = "Prime Test.swift";
         sourceTree = "<group>";
      };
      "OBJ_15" = {
         isa = "PBXFileReference";
         path = "RLP.swift";
         sourceTree = "<group>";
      };
      "OBJ_150" = {
         isa = "PBXFileReference";
         path = "Random.swift";
         sourceTree = "<group>";
      };
      "OBJ_151" = {
         isa = "PBXFileReference";
         path = "Shifts.swift";
         sourceTree = "<group>";
      };
      "OBJ_152" = {
         isa = "PBXFileReference";
         path = "Square Root.swift";
         sourceTree = "<group>";
      };
      "OBJ_153" = {
         isa = "PBXFileReference";
         path = "Strideable.swift";
         sourceTree = "<group>";
      };
      "OBJ_154" = {
         isa = "PBXFileReference";
         path = "String Conversion.swift";
         sourceTree = "<group>";
      };
      "OBJ_155" = {
         isa = "PBXFileReference";
         path = "Subtraction.swift";
         sourceTree = "<group>";
      };
      "OBJ_156" = {
         isa = "PBXFileReference";
         path = "Words and Bits.swift";
         sourceTree = "<group>";
      };
      "OBJ_157" = {
         isa = "PBXGroup";
         children = (
            "OBJ_158",
            "OBJ_163",
         );
         name = "SipHash 1.2.0";
         path = "";
         sourceTree = "SOURCE_ROOT";
      };
      "OBJ_158" = {
         isa = "PBXGroup";
         children = (
            "OBJ_159",
            "OBJ_160",
            "OBJ_161",
            "OBJ_162",
         );
         name = "SipHash";
         path = ".build/checkouts/SipHash--340540534556366043/SipHash";
         sourceTree = "SOURCE_ROOT";
      };
      "OBJ_159" = {
         isa = "PBXFileReference";
         path = "Primitive Types.swift";
         sourceTree = "<group>";
      };
      "OBJ_16" = {
         isa = "PBXGroup";
         children = (
            "OBJ_17",
         );
         name = "Contract";
         path = "Contract";
         sourceTree = "<group>";
      };
      "OBJ_160" = {
         isa = "PBXFileReference";
         path = "RandomUInt64.swift";
         sourceTree = "<group>";
      };
      "OBJ_161" = {
         isa = "PBXFileReference";
         path = "SipHashable.swift";
         sourceTree = "<group>";
      };
      "OBJ_162" = {
         isa = "PBXFileReference";
         path = "SipHasher.swift";
         sourceTree = "<group>";
      };
      "OBJ_163" = {
         isa = "PBXFileReference";
         explicitFileType = "sourcecode.swift";
         name = "Package.swift";
         path = "/Users/bbaron/workspacex/web3swift/.build/checkouts/SipHash--340540534556366043/Package.swift";
         sourceTree = "<group>";
      };
      "OBJ_164" = {
         isa = "PBXGroup";
         children = (
            "web3swift::web3swiftlinuxTests::Product",
            "web3swift::web3swift::Product",
            "CryptoSwift::CryptoSwift::Product",
            "BigInt::BigInt::Product",
            "SipHash::SipHash::Product",
         );
         name = "Products";
         path = "";
         sourceTree = "BUILT_PRODUCTS_DIR";
      };
      "OBJ_17" = {
         isa = "PBXGroup";
         children = (
            "OBJ_18",
            "OBJ_19",
            "OBJ_20",
            "OBJ_21",
            "OBJ_22",
            "OBJ_23",
            "OBJ_24",
            "OBJ_25",
            "OBJ_26",
            "OBJ_27",
            "OBJ_28",
            "OBJ_29",
            "OBJ_30",
         );
         name = "Classes";
         path = "Classes";
         sourceTree = "<group>";
      };
      "OBJ_171" = {
         isa = "XCConfigurationList";
         buildConfigurations = (
            "OBJ_172",
            "OBJ_173",
         );
         defaultConfigurationIsVisible = "0";
         defaultConfigurationName = "Debug";
      };
      "OBJ_172" = {
         isa = "XCBuildConfiguration";
         buildSettings = {
            LD = "/usr/bin/true";
            OTHER_SWIFT_FLAGS = (
               "-swift-version",
               "4",
               "-I",
               "/Applications/Xcode.app/Contents/Developer/Toolchains/XcodeDefault.xctoolchain/usr/lib/swift/pm/4",
               "-target",
               "x86_64-apple-macosx10.10",
               "-sdk",
               "/Applications/Xcode.app/Contents/Developer/Platforms/MacOSX.platform/Developer/SDKs/MacOSX10.13.sdk",
            );
            SWIFT_VERSION = "4.0";
         };
         name = "Debug";
      };
      "OBJ_173" = {
         isa = "XCBuildConfiguration";
         buildSettings = {
            LD = "/usr/bin/true";
            OTHER_SWIFT_FLAGS = (
               "-swift-version",
               "4",
               "-I",
               "/Applications/Xcode.app/Contents/Developer/Toolchains/XcodeDefault.xctoolchain/usr/lib/swift/pm/4",
               "-target",
               "x86_64-apple-macosx10.10",
               "-sdk",
               "/Applications/Xcode.app/Contents/Developer/Platforms/MacOSX.platform/Developer/SDKs/MacOSX10.13.sdk",
            );
            SWIFT_VERSION = "4.0";
         };
         name = "Release";
      };
      "OBJ_174" = {
         isa = "PBXSourcesBuildPhase";
         files = (
            "OBJ_175",
         );
      };
      "OBJ_175" = {
         isa = "PBXBuildFile";
         fileRef = "OBJ_6";
      };
      "OBJ_177" = {
         isa = "XCConfigurationList";
         buildConfigurations = (
            "OBJ_178",
            "OBJ_179",
         );
         defaultConfigurationIsVisible = "0";
         defaultConfigurationName = "Debug";
      };
      "OBJ_178" = {
         isa = "XCBuildConfiguration";
         buildSettings = {
            LD = "/usr/bin/true";
            OTHER_SWIFT_FLAGS = (
               "-swift-version",
               "4",
               "-I",
               "/Applications/Xcode.app/Contents/Developer/Toolchains/XcodeDefault.xctoolchain/usr/lib/swift/pm/4",
               "-target",
               "x86_64-apple-macosx10.10",
               "-sdk",
               "/Applications/Xcode.app/Contents/Developer/Platforms/MacOSX.platform/Developer/SDKs/MacOSX10.13.sdk",
            );
            SWIFT_VERSION = "4.0";
         };
         name = "Debug";
      };
      "OBJ_179" = {
         isa = "XCBuildConfiguration";
         buildSettings = {
            LD = "/usr/bin/true";
            OTHER_SWIFT_FLAGS = (
               "-swift-version",
               "4",
               "-I",
               "/Applications/Xcode.app/Contents/Developer/Toolchains/XcodeDefault.xctoolchain/usr/lib/swift/pm/4",
               "-target",
               "x86_64-apple-macosx10.10",
               "-sdk",
               "/Applications/Xcode.app/Contents/Developer/Platforms/MacOSX.platform/Developer/SDKs/MacOSX10.13.sdk",
            );
            SWIFT_VERSION = "4.0";
         };
         name = "Release";
      };
      "OBJ_18" = {
         isa = "PBXFileReference";
         path = "ABIManager.swift";
         sourceTree = "<group>";
      };
      "OBJ_180" = {
         isa = "PBXSourcesBuildPhase";
         files = (
            "OBJ_181",
         );
      };
      "OBJ_181" = {
         isa = "PBXBuildFile";
         fileRef = "OBJ_132";
      };
      "OBJ_183" = {
         isa = "XCConfigurationList";
         buildConfigurations = (
            "OBJ_184",
            "OBJ_185",
         );
         defaultConfigurationIsVisible = "0";
         defaultConfigurationName = "Debug";
      };
      "OBJ_184" = {
         isa = "XCBuildConfiguration";
         buildSettings = {
            LD = "/usr/bin/true";
            OTHER_SWIFT_FLAGS = (
               "-swift-version",
               "4",
               "-I",
               "/Applications/Xcode.app/Contents/Developer/Toolchains/XcodeDefault.xctoolchain/usr/lib/swift/pm/4",
               "-target",
               "x86_64-apple-macosx10.10",
               "-sdk",
               "/Applications/Xcode.app/Contents/Developer/Platforms/MacOSX.platform/Developer/SDKs/MacOSX10.13.sdk",
            );
            SWIFT_VERSION = "4.0";
         };
         name = "Debug";
      };
      "OBJ_185" = {
         isa = "XCBuildConfiguration";
         buildSettings = {
            LD = "/usr/bin/true";
            OTHER_SWIFT_FLAGS = (
               "-swift-version",
               "4",
               "-I",
               "/Applications/Xcode.app/Contents/Developer/Toolchains/XcodeDefault.xctoolchain/usr/lib/swift/pm/4",
               "-target",
               "x86_64-apple-macosx10.10",
               "-sdk",
               "/Applications/Xcode.app/Contents/Developer/Platforms/MacOSX.platform/Developer/SDKs/MacOSX10.13.sdk",
            );
            SWIFT_VERSION = "4.0";
         };
         name = "Release";
      };
      "OBJ_186" = {
         isa = "PBXSourcesBuildPhase";
         files = (
            "OBJ_187",
         );
      };
      "OBJ_187" = {
         isa = "PBXBuildFile";
         fileRef = "OBJ_134";
      };
      "OBJ_189" = {
         isa = "XCConfigurationList";
         buildConfigurations = (
            "OBJ_190",
            "OBJ_191",
         );
         defaultConfigurationIsVisible = "0";
         defaultConfigurationName = "Debug";
      };
      "OBJ_19" = {
         isa = "PBXFileReference";
         path = "Contract.swift";
         sourceTree = "<group>";
      };
      "OBJ_190" = {
         isa = "XCBuildConfiguration";
         buildSettings = {
            LD = "/usr/bin/true";
            OTHER_SWIFT_FLAGS = (
               "-swift-version",
               "4",
               "-I",
               "/Applications/Xcode.app/Contents/Developer/Toolchains/XcodeDefault.xctoolchain/usr/lib/swift/pm/4",
               "-target",
               "x86_64-apple-macosx10.10",
               "-sdk",
               "/Applications/Xcode.app/Contents/Developer/Platforms/MacOSX.platform/Developer/SDKs/MacOSX10.13.sdk",
            );
            SWIFT_VERSION = "4.0";
         };
         name = "Debug";
      };
      "OBJ_191" = {
         isa = "XCBuildConfiguration";
         buildSettings = {
            LD = "/usr/bin/true";
            OTHER_SWIFT_FLAGS = (
               "-swift-version",
               "4",
               "-I",
               "/Applications/Xcode.app/Contents/Developer/Toolchains/XcodeDefault.xctoolchain/usr/lib/swift/pm/4",
               "-target",
               "x86_64-apple-macosx10.10",
               "-sdk",
               "/Applications/Xcode.app/Contents/Developer/Platforms/MacOSX.platform/Developer/SDKs/MacOSX10.13.sdk",
            );
            SWIFT_VERSION = "4.0";
         };
         name = "Release";
      };
      "OBJ_192" = {
         isa = "PBXSourcesBuildPhase";
         files = (
            "OBJ_193",
         );
      };
      "OBJ_193" = {
         isa = "PBXBuildFile";
         fileRef = "OBJ_163";
      };
      "OBJ_195" = {
         isa = "XCConfigurationList";
         buildConfigurations = (
            "OBJ_196",
            "OBJ_197",
         );
         defaultConfigurationIsVisible = "0";
         defaultConfigurationName = "Debug";
      };
      "OBJ_196" = {
         isa = "XCBuildConfiguration";
         buildSettings = {
            EMBEDDED_CONTENT_CONTAINS_SWIFT = "YES";
            FRAMEWORK_SEARCH_PATHS = (
               "$(inherited)",
               "$(PLATFORM_DIR)/Developer/Library/Frameworks",
            );
            HEADER_SEARCH_PATHS = (
               "$(inherited)",
               "$(SRCROOT)/.build/checkouts/secp256k1_swift.git--839601409190445019",
               "$(SRCROOT)/.build/checkouts/Sodium.git-2331200009674189277",
            );
            INFOPLIST_FILE = "web3swift.xcodeproj/web3swiftlinuxTests_Info.plist";
            LD_RUNPATH_SEARCH_PATHS = (
               "@loader_path/../Frameworks",
               "@loader_path/Frameworks",
            );
            OTHER_LDFLAGS = (
               "$(inherited)",
               "-L/usr/local/lib",
               "-lsecp256k1",
            );
            OTHER_SWIFT_FLAGS = (
               "$(inherited)",
               "-I/usr/local/include",
            );
            SWIFT_VERSION = "4.0";
            TARGET_NAME = "web3swiftlinuxTests";
         };
         name = "Debug";
      };
      "OBJ_197" = {
         isa = "XCBuildConfiguration";
         buildSettings = {
            EMBEDDED_CONTENT_CONTAINS_SWIFT = "YES";
            FRAMEWORK_SEARCH_PATHS = (
               "$(inherited)",
               "$(PLATFORM_DIR)/Developer/Library/Frameworks",
            );
            HEADER_SEARCH_PATHS = (
               "$(inherited)",
               "$(SRCROOT)/.build/checkouts/secp256k1_swift.git--839601409190445019",
               "$(SRCROOT)/.build/checkouts/Sodium.git-2331200009674189277",
            );
            INFOPLIST_FILE = "web3swift.xcodeproj/web3swiftlinuxTests_Info.plist";
            LD_RUNPATH_SEARCH_PATHS = (
               "@loader_path/../Frameworks",
               "@loader_path/Frameworks",
            );
            OTHER_LDFLAGS = (
               "$(inherited)",
               "-L/usr/local/lib",
               "-lsecp256k1",
            );
            OTHER_SWIFT_FLAGS = (
               "$(inherited)",
               "-I/usr/local/include",
            );
            SWIFT_VERSION = "4.0";
            TARGET_NAME = "web3swiftlinuxTests";
         };
         name = "Release";
      };
      "OBJ_198" = {
         isa = "PBXSourcesBuildPhase";
         files = (
            "OBJ_199",
         );
      };
      "OBJ_199" = {
         isa = "PBXBuildFile";
         fileRef = "OBJ_61";
      };
      "OBJ_2" = {
         isa = "XCConfigurationList";
         buildConfigurations = (
            "OBJ_3",
            "OBJ_4",
         );
         defaultConfigurationIsVisible = "0";
         defaultConfigurationName = "Debug";
      };
      "OBJ_20" = {
         isa = "PBXFileReference";
         path = "Web3+Contract.swift";
         sourceTree = "<group>";
      };
      "OBJ_200" = {
         isa = "PBXFrameworksBuildPhase";
         files = (
            "OBJ_201",
            "OBJ_202",
            "OBJ_203",
            "OBJ_204",
         );
      };
      "OBJ_201" = {
         isa = "PBXBuildFile";
         fileRef = "web3swift::web3swift::Product";
      };
      "OBJ_202" = {
         isa = "PBXBuildFile";
         fileRef = "CryptoSwift::CryptoSwift::Product";
      };
      "OBJ_203" = {
         isa = "PBXBuildFile";
         fileRef = "BigInt::BigInt::Product";
      };
      "OBJ_204" = {
         isa = "PBXBuildFile";
         fileRef = "SipHash::SipHash::Product";
      };
      "OBJ_205" = {
         isa = "PBXTargetDependency";
         target = "web3swift::web3swift";
      };
      "OBJ_207" = {
         isa = "PBXTargetDependency";
         target = "CryptoSwift::CryptoSwift";
      };
      "OBJ_209" = {
         isa = "PBXTargetDependency";
         target = "BigInt::BigInt";
      };
      "OBJ_21" = {
         isa = "PBXFileReference";
         path = "Web3+Eth.swift";
         sourceTree = "<group>";
      };
      "OBJ_211" = {
         isa = "PBXTargetDependency";
         target = "SipHash::SipHash";
      };
      "OBJ_213" = {
         isa = "XCConfigurationList";
         buildConfigurations = (
            "OBJ_214",
            "OBJ_215",
         );
         defaultConfigurationIsVisible = "0";
         defaultConfigurationName = "Debug";
      };
      "OBJ_214" = {
         isa = "XCBuildConfiguration";
         buildSettings = {
            ENABLE_TESTABILITY = "YES";
            FRAMEWORK_SEARCH_PATHS = (
               "$(inherited)",
               "$(PLATFORM_DIR)/Developer/Library/Frameworks",
            );
            HEADER_SEARCH_PATHS = (
               "$(inherited)",
               "$(SRCROOT)/.build/checkouts/secp256k1_swift.git--839601409190445019",
               "$(SRCROOT)/.build/checkouts/Sodium.git-2331200009674189277",
            );
            INFOPLIST_FILE = "web3swift.xcodeproj/web3swift_Info.plist";
            LD_RUNPATH_SEARCH_PATHS = (
               "$(TOOLCHAIN_DIR)/usr/lib/swift/macosx",
            );
            OTHER_LDFLAGS = (
               "$(inherited)",
               "-L/usr/local/lib",
               "-lsecp256k1",
            );
            OTHER_SWIFT_FLAGS = (
               "$(inherited)",
               "-I/usr/local/include",
            );
            PRODUCT_BUNDLE_IDENTIFIER = "web3swift";
            PRODUCT_MODULE_NAME = "$(TARGET_NAME:c99extidentifier)";
            PRODUCT_NAME = "$(TARGET_NAME:c99extidentifier)";
            SKIP_INSTALL = "YES";
            SWIFT_VERSION = "4.0";
            TARGET_NAME = "web3swift";
         };
         name = "Debug";
      };
      "OBJ_215" = {
         isa = "XCBuildConfiguration";
         buildSettings = {
            ENABLE_TESTABILITY = "YES";
            FRAMEWORK_SEARCH_PATHS = (
               "$(inherited)",
               "$(PLATFORM_DIR)/Developer/Library/Frameworks",
            );
            HEADER_SEARCH_PATHS = (
               "$(inherited)",
               "$(SRCROOT)/.build/checkouts/secp256k1_swift.git--839601409190445019",
               "$(SRCROOT)/.build/checkouts/Sodium.git-2331200009674189277",
            );
            INFOPLIST_FILE = "web3swift.xcodeproj/web3swift_Info.plist";
            LD_RUNPATH_SEARCH_PATHS = (
               "$(TOOLCHAIN_DIR)/usr/lib/swift/macosx",
            );
            OTHER_LDFLAGS = (
               "$(inherited)",
               "-L/usr/local/lib",
               "-lsecp256k1",
            );
            OTHER_SWIFT_FLAGS = (
               "$(inherited)",
               "-I/usr/local/include",
            );
            PRODUCT_BUNDLE_IDENTIFIER = "web3swift";
            PRODUCT_MODULE_NAME = "$(TARGET_NAME:c99extidentifier)";
            PRODUCT_NAME = "$(TARGET_NAME:c99extidentifier)";
            SKIP_INSTALL = "YES";
            SWIFT_VERSION = "4.0";
            TARGET_NAME = "web3swift";
         };
         name = "Release";
      };
      "OBJ_216" = {
         isa = "PBXSourcesBuildPhase";
         files = (
            "OBJ_217",
            "OBJ_218",
            "OBJ_219",
            "OBJ_220",
            "OBJ_221",
            "OBJ_222",
            "OBJ_223",
            "OBJ_224",
            "OBJ_225",
            "OBJ_226",
            "OBJ_227",
            "OBJ_228",
            "OBJ_229",
            "OBJ_230",
            "OBJ_231",
            "OBJ_232",
            "OBJ_233",
            "OBJ_234",
            "OBJ_235",
            "OBJ_236",
            "OBJ_237",
            "OBJ_238",
            "OBJ_239",
            "OBJ_240",
            "OBJ_241",
            "OBJ_242",
            "OBJ_243",
            "OBJ_244",
            "OBJ_245",
            "OBJ_246",
            "OBJ_247",
            "OBJ_248",
            "OBJ_249",
            "OBJ_250",
            "OBJ_251",
            "OBJ_252",
            "OBJ_253",
            "OBJ_254",
            "OBJ_255",
            "OBJ_256",
         );
      };
      "OBJ_217" = {
         isa = "PBXBuildFile";
         fileRef = "OBJ_11";
      };
      "OBJ_218" = {
         isa = "PBXBuildFile";
         fileRef = "OBJ_12";
      };
      "OBJ_219" = {
         isa = "PBXBuildFile";
         fileRef = "OBJ_13";
      };
      "OBJ_22" = {
         isa = "PBXFileReference";
         path = "Web3+HookedWallet.swift";
         sourceTree = "<group>";
      };
      "OBJ_220" = {
         isa = "PBXBuildFile";
         fileRef = "OBJ_14";
      };
      "OBJ_221" = {
         isa = "PBXBuildFile";
         fileRef = "OBJ_15";
      };
      "OBJ_222" = {
         isa = "PBXBuildFile";
         fileRef = "OBJ_18";
      };
      "OBJ_223" = {
         isa = "PBXBuildFile";
         fileRef = "OBJ_19";
      };
      "OBJ_224" = {
         isa = "PBXBuildFile";
         fileRef = "OBJ_20";
      };
      "OBJ_225" = {
         isa = "PBXBuildFile";
         fileRef = "OBJ_21";
      };
      "OBJ_226" = {
         isa = "PBXBuildFile";
         fileRef = "OBJ_22";
      };
      "OBJ_227" = {
         isa = "PBXBuildFile";
         fileRef = "OBJ_23";
      };
      "OBJ_228" = {
         isa = "PBXBuildFile";
         fileRef = "OBJ_24";
      };
      "OBJ_229" = {
         isa = "PBXBuildFile";
         fileRef = "OBJ_25";
      };
      "OBJ_23" = {
         isa = "PBXFileReference";
         path = "Web3+HttpProvider.swift";
         sourceTree = "<group>";
      };
      "OBJ_230" = {
         isa = "PBXBuildFile";
         fileRef = "OBJ_26";
      };
      "OBJ_231" = {
         isa = "PBXBuildFile";
         fileRef = "OBJ_27";
      };
      "OBJ_232" = {
         isa = "PBXBuildFile";
         fileRef = "OBJ_28";
      };
      "OBJ_233" = {
         isa = "PBXBuildFile";
         fileRef = "OBJ_29";
      };
      "OBJ_234" = {
         isa = "PBXBuildFile";
         fileRef = "OBJ_30";
      };
      "OBJ_235" = {
         isa = "PBXBuildFile";
         fileRef = "OBJ_33";
      };
      "OBJ_236" = {
         isa = "PBXBuildFile";
         fileRef = "OBJ_34";
      };
      "OBJ_237" = {
         isa = "PBXBuildFile";
         fileRef = "OBJ_35";
      };
      "OBJ_238" = {
         isa = "PBXBuildFile";
         fileRef = "OBJ_36";
      };
      "OBJ_239" = {
         isa = "PBXBuildFile";
         fileRef = "OBJ_37";
      };
      "OBJ_24" = {
         isa = "PBXFileReference";
         path = "Web3+Infura.swift";
         sourceTree = "<group>";
      };
      "OBJ_240" = {
         isa = "PBXBuildFile";
         fileRef = "OBJ_38";
      };
      "OBJ_241" = {
         isa = "PBXBuildFile";
         fileRef = "OBJ_39";
      };
      "OBJ_242" = {
         isa = "PBXBuildFile";
         fileRef = "OBJ_40";
      };
      "OBJ_243" = {
         isa = "PBXBuildFile";
         fileRef = "OBJ_41";
      };
      "OBJ_244" = {
         isa = "PBXBuildFile";
         fileRef = "OBJ_42";
      };
      "OBJ_245" = {
         isa = "PBXBuildFile";
         fileRef = "OBJ_43";
      };
      "OBJ_246" = {
         isa = "PBXBuildFile";
         fileRef = "OBJ_46";
      };
      "OBJ_247" = {
         isa = "PBXBuildFile";
         fileRef = "OBJ_49";
      };
      "OBJ_248" = {
         isa = "PBXBuildFile";
         fileRef = "OBJ_50";
      };
      "OBJ_249" = {
         isa = "PBXBuildFile";
         fileRef = "OBJ_51";
      };
      "OBJ_25" = {
         isa = "PBXFileReference";
         path = "Web3+Instance.swift";
         sourceTree = "<group>";
      };
      "OBJ_250" = {
         isa = "PBXBuildFile";
         fileRef = "OBJ_52";
      };
      "OBJ_251" = {
         isa = "PBXBuildFile";
         fileRef = "OBJ_53";
      };
      "OBJ_252" = {
         isa = "PBXBuildFile";
         fileRef = "OBJ_54";
      };
      "OBJ_253" = {
         isa = "PBXBuildFile";
         fileRef = "OBJ_55";
      };
      "OBJ_254" = {
         isa = "PBXBuildFile";
         fileRef = "OBJ_56";
      };
      "OBJ_255" = {
         isa = "PBXBuildFile";
         fileRef = "OBJ_57";
      };
      "OBJ_256" = {
         isa = "PBXBuildFile";
         fileRef = "OBJ_58";
      };
      "OBJ_257" = {
         isa = "PBXFrameworksBuildPhase";
         files = (
            "OBJ_258",
            "OBJ_259",
            "OBJ_260",
         );
      };
      "OBJ_258" = {
         isa = "PBXBuildFile";
         fileRef = "CryptoSwift::CryptoSwift::Product";
      };
      "OBJ_259" = {
         isa = "PBXBuildFile";
         fileRef = "BigInt::BigInt::Product";
      };
      "OBJ_26" = {
         isa = "PBXFileReference";
         path = "Web3+JSONRPC.swift";
         sourceTree = "<group>";
      };
      "OBJ_260" = {
         isa = "PBXBuildFile";
         fileRef = "SipHash::SipHash::Product";
      };
      "OBJ_261" = {
         isa = "PBXTargetDependency";
         target = "CryptoSwift::CryptoSwift";
      };
      "OBJ_262" = {
         isa = "PBXTargetDependency";
         target = "BigInt::BigInt";
      };
      "OBJ_263" = {
         isa = "PBXTargetDependency";
         target = "SipHash::SipHash";
      };
      "OBJ_264" = {
         isa = "XCConfigurationList";
         buildConfigurations = (
            "OBJ_265",
            "OBJ_266",
         );
         defaultConfigurationIsVisible = "0";
         defaultConfigurationName = "Debug";
      };
      "OBJ_265" = {
         isa = "XCBuildConfiguration";
         buildSettings = {
            ENABLE_TESTABILITY = "YES";
            FRAMEWORK_SEARCH_PATHS = (
               "$(inherited)",
               "$(PLATFORM_DIR)/Developer/Library/Frameworks",
            );
            HEADER_SEARCH_PATHS = (
               "$(inherited)",
            );
            INFOPLIST_FILE = "web3swift.xcodeproj/CryptoSwift_Info.plist";
            LD_RUNPATH_SEARCH_PATHS = (
               "$(TOOLCHAIN_DIR)/usr/lib/swift/macosx",
            );
            OTHER_LDFLAGS = (
               "$(inherited)",
            );
            OTHER_SWIFT_FLAGS = (
               "$(inherited)",
            );
            PRODUCT_BUNDLE_IDENTIFIER = "CryptoSwift";
            PRODUCT_MODULE_NAME = "$(TARGET_NAME:c99extidentifier)";
            PRODUCT_NAME = "$(TARGET_NAME:c99extidentifier)";
            SKIP_INSTALL = "YES";
            SWIFT_VERSION = "4.0";
            TARGET_NAME = "CryptoSwift";
         };
         name = "Debug";
      };
      "OBJ_266" = {
         isa = "XCBuildConfiguration";
         buildSettings = {
            ENABLE_TESTABILITY = "YES";
            FRAMEWORK_SEARCH_PATHS = (
               "$(inherited)",
               "$(PLATFORM_DIR)/Developer/Library/Frameworks",
            );
            HEADER_SEARCH_PATHS = (
               "$(inherited)",
            );
            INFOPLIST_FILE = "web3swift.xcodeproj/CryptoSwift_Info.plist";
            LD_RUNPATH_SEARCH_PATHS = (
               "$(TOOLCHAIN_DIR)/usr/lib/swift/macosx",
            );
            OTHER_LDFLAGS = (
               "$(inherited)",
            );
            OTHER_SWIFT_FLAGS = (
               "$(inherited)",
            );
            PRODUCT_BUNDLE_IDENTIFIER = "CryptoSwift";
            PRODUCT_MODULE_NAME = "$(TARGET_NAME:c99extidentifier)";
            PRODUCT_NAME = "$(TARGET_NAME:c99extidentifier)";
            SKIP_INSTALL = "YES";
            SWIFT_VERSION = "4.0";
            TARGET_NAME = "CryptoSwift";
         };
         name = "Release";
      };
      "OBJ_267" = {
         isa = "PBXSourcesBuildPhase";
         files = (
            "OBJ_268",
            "OBJ_269",
            "OBJ_270",
            "OBJ_271",
            "OBJ_272",
            "OBJ_273",
            "OBJ_274",
            "OBJ_275",
            "OBJ_276",
            "OBJ_277",
            "OBJ_278",
            "OBJ_279",
            "OBJ_280",
            "OBJ_281",
            "OBJ_282",
            "OBJ_283",
            "OBJ_284",
            "OBJ_285",
            "OBJ_286",
            "OBJ_287",
            "OBJ_288",
            "OBJ_289",
            "OBJ_290",
            "OBJ_291",
            "OBJ_292",
            "OBJ_293",
            "OBJ_294",
            "OBJ_295",
            "OBJ_296",
            "OBJ_297",
            "OBJ_298",
            "OBJ_299",
            "OBJ_300",
            "OBJ_301",
            "OBJ_302",
            "OBJ_303",
            "OBJ_304",
            "OBJ_305",
            "OBJ_306",
            "OBJ_307",
            "OBJ_308",
            "OBJ_309",
            "OBJ_310",
            "OBJ_311",
            "OBJ_312",
            "OBJ_313",
            "OBJ_314",
            "OBJ_315",
            "OBJ_316",
            "OBJ_317",
            "OBJ_318",
            "OBJ_319",
            "OBJ_320",
            "OBJ_321",
            "OBJ_322",
            "OBJ_323",
            "OBJ_324",
            "OBJ_325",
            "OBJ_326",
            "OBJ_327",
            "OBJ_328",
            "OBJ_329",
            "OBJ_330",
            "OBJ_331",
         );
      };
      "OBJ_268" = {
         isa = "PBXBuildFile";
         fileRef = "OBJ_65";
      };
      "OBJ_269" = {
         isa = "PBXBuildFile";
         fileRef = "OBJ_66";
      };
      "OBJ_27" = {
         isa = "PBXFileReference";
         path = "Web3+Methods.swift";
         sourceTree = "<group>";
      };
      "OBJ_270" = {
         isa = "PBXBuildFile";
         fileRef = "OBJ_67";
      };
      "OBJ_271" = {
         isa = "PBXBuildFile";
         fileRef = "OBJ_68";
      };
      "OBJ_272" = {
         isa = "PBXBuildFile";
         fileRef = "OBJ_69";
      };
      "OBJ_273" = {
         isa = "PBXBuildFile";
         fileRef = "OBJ_70";
      };
      "OBJ_274" = {
         isa = "PBXBuildFile";
         fileRef = "OBJ_71";
      };
      "OBJ_275" = {
         isa = "PBXBuildFile";
         fileRef = "OBJ_72";
      };
      "OBJ_276" = {
         isa = "PBXBuildFile";
         fileRef = "OBJ_74";
      };
      "OBJ_277" = {
         isa = "PBXBuildFile";
         fileRef = "OBJ_75";
      };
      "OBJ_278" = {
         isa = "PBXBuildFile";
         fileRef = "OBJ_76";
      };
      "OBJ_279" = {
         isa = "PBXBuildFile";
         fileRef = "OBJ_77";
      };
      "OBJ_28" = {
         isa = "PBXFileReference";
         path = "Web3+Structures.swift";
         sourceTree = "<group>";
      };
      "OBJ_280" = {
         isa = "PBXBuildFile";
         fileRef = "OBJ_78";
      };
      "OBJ_281" = {
         isa = "PBXBuildFile";
         fileRef = "OBJ_79";
      };
      "OBJ_282" = {
         isa = "PBXBuildFile";
         fileRef = "OBJ_80";
      };
      "OBJ_283" = {
         isa = "PBXBuildFile";
         fileRef = "OBJ_81";
      };
      "OBJ_284" = {
         isa = "PBXBuildFile";
         fileRef = "OBJ_82";
      };
      "OBJ_285" = {
         isa = "PBXBuildFile";
         fileRef = "OBJ_83";
      };
      "OBJ_286" = {
         isa = "PBXBuildFile";
         fileRef = "OBJ_84";
      };
      "OBJ_287" = {
         isa = "PBXBuildFile";
         fileRef = "OBJ_85";
      };
      "OBJ_288" = {
         isa = "PBXBuildFile";
         fileRef = "OBJ_86";
      };
      "OBJ_289" = {
         isa = "PBXBuildFile";
         fileRef = "OBJ_87";
      };
      "OBJ_29" = {
         isa = "PBXFileReference";
         path = "Web3+Utils.swift";
         sourceTree = "<group>";
      };
      "OBJ_290" = {
         isa = "PBXBuildFile";
         fileRef = "OBJ_88";
      };
      "OBJ_291" = {
         isa = "PBXBuildFile";
         fileRef = "OBJ_89";
      };
      "OBJ_292" = {
         isa = "PBXBuildFile";
         fileRef = "OBJ_90";
      };
      "OBJ_293" = {
         isa = "PBXBuildFile";
         fileRef = "OBJ_91";
      };
      "OBJ_294" = {
         isa = "PBXBuildFile";
         fileRef = "OBJ_93";
      };
      "OBJ_295" = {
         isa = "PBXBuildFile";
         fileRef = "OBJ_94";
      };
      "OBJ_296" = {
         isa = "PBXBuildFile";
         fileRef = "OBJ_95";
      };
      "OBJ_297" = {
         isa = "PBXBuildFile";
         fileRef = "OBJ_96";
      };
      "OBJ_298" = {
         isa = "PBXBuildFile";
         fileRef = "OBJ_97";
      };
      "OBJ_299" = {
         isa = "PBXBuildFile";
         fileRef = "OBJ_98";
      };
      "OBJ_3" = {
         isa = "XCBuildConfiguration";
         buildSettings = {
            CLANG_ENABLE_OBJC_ARC = "YES";
            COMBINE_HIDPI_IMAGES = "YES";
            COPY_PHASE_STRIP = "NO";
            DEBUG_INFORMATION_FORMAT = "dwarf";
            DYLIB_INSTALL_NAME_BASE = "@rpath";
            ENABLE_NS_ASSERTIONS = "YES";
            GCC_OPTIMIZATION_LEVEL = "0";
            MACOSX_DEPLOYMENT_TARGET = "10.10";
            ONLY_ACTIVE_ARCH = "YES";
            OTHER_SWIFT_FLAGS = (
               "-DXcode",
            );
            PRODUCT_NAME = "$(TARGET_NAME)";
            SDKROOT = "macosx";
            SUPPORTED_PLATFORMS = (
               "macosx",
               "iphoneos",
               "iphonesimulator",
               "appletvos",
               "appletvsimulator",
               "watchos",
               "watchsimulator",
            );
            SWIFT_ACTIVE_COMPILATION_CONDITIONS = "SWIFT_PACKAGE";
            SWIFT_OPTIMIZATION_LEVEL = "-Onone";
            USE_HEADERMAP = "NO";
         };
         name = "Debug";
      };
      "OBJ_30" = {
         isa = "PBXFileReference";
         path = "Web3.swift";
         sourceTree = "<group>";
      };
      "OBJ_300" = {
         isa = "PBXBuildFile";
         fileRef = "OBJ_99";
      };
      "OBJ_301" = {
         isa = "PBXBuildFile";
         fileRef = "OBJ_100";
      };
      "OBJ_302" = {
         isa = "PBXBuildFile";
         fileRef = "OBJ_101";
      };
      "OBJ_303" = {
         isa = "PBXBuildFile";
         fileRef = "OBJ_102";
      };
      "OBJ_304" = {
         isa = "PBXBuildFile";
         fileRef = "OBJ_103";
      };
      "OBJ_305" = {
         isa = "PBXBuildFile";
         fileRef = "OBJ_104";
      };
      "OBJ_306" = {
         isa = "PBXBuildFile";
         fileRef = "OBJ_105";
      };
      "OBJ_307" = {
         isa = "PBXBuildFile";
         fileRef = "OBJ_106";
      };
      "OBJ_308" = {
         isa = "PBXBuildFile";
         fileRef = "OBJ_107";
      };
      "OBJ_309" = {
         isa = "PBXBuildFile";
         fileRef = "OBJ_108";
      };
      "OBJ_31" = {
         isa = "PBXGroup";
         children = (
            "OBJ_32",
         );
         name = "KeystoreManager";
         path = "KeystoreManager";
         sourceTree = "<group>";
      };
      "OBJ_310" = {
         isa = "PBXBuildFile";
         fileRef = "OBJ_110";
      };
      "OBJ_311" = {
         isa = "PBXBuildFile";
         fileRef = "OBJ_111";
      };
      "OBJ_312" = {
         isa = "PBXBuildFile";
         fileRef = "OBJ_112";
      };
      "OBJ_313" = {
         isa = "PBXBuildFile";
         fileRef = "OBJ_113";
      };
      "OBJ_314" = {
         isa = "PBXBuildFile";
         fileRef = "OBJ_114";
      };
      "OBJ_315" = {
         isa = "PBXBuildFile";
         fileRef = "OBJ_115";
      };
      "OBJ_316" = {
         isa = "PBXBuildFile";
         fileRef = "OBJ_116";
      };
      "OBJ_317" = {
         isa = "PBXBuildFile";
         fileRef = "OBJ_117";
      };
      "OBJ_318" = {
         isa = "PBXBuildFile";
         fileRef = "OBJ_118";
      };
      "OBJ_319" = {
         isa = "PBXBuildFile";
         fileRef = "OBJ_119";
      };
      "OBJ_32" = {
         isa = "PBXGroup";
         children = (
            "OBJ_33",
            "OBJ_34",
            "OBJ_35",
            "OBJ_36",
            "OBJ_37",
            "OBJ_38",
            "OBJ_39",
            "OBJ_40",
            "OBJ_41",
            "OBJ_42",
            "OBJ_43",
         );
         name = "Classes";
         path = "Classes";
         sourceTree = "<group>";
      };
      "OBJ_320" = {
         isa = "PBXBuildFile";
         fileRef = "OBJ_120";
      };
      "OBJ_321" = {
         isa = "PBXBuildFile";
         fileRef = "OBJ_121";
      };
      "OBJ_322" = {
         isa = "PBXBuildFile";
         fileRef = "OBJ_122";
      };
      "OBJ_323" = {
         isa = "PBXBuildFile";
         fileRef = "OBJ_123";
      };
      "OBJ_324" = {
         isa = "PBXBuildFile";
         fileRef = "OBJ_124";
      };
      "OBJ_325" = {
         isa = "PBXBuildFile";
         fileRef = "OBJ_125";
      };
      "OBJ_326" = {
         isa = "PBXBuildFile";
         fileRef = "OBJ_126";
      };
      "OBJ_327" = {
         isa = "PBXBuildFile";
         fileRef = "OBJ_127";
      };
      "OBJ_328" = {
         isa = "PBXBuildFile";
         fileRef = "OBJ_128";
      };
      "OBJ_329" = {
         isa = "PBXBuildFile";
         fileRef = "OBJ_129";
      };
      "OBJ_33" = {
         isa = "PBXFileReference";
         path = "AbstractKeystore.swift";
         sourceTree = "<group>";
      };
      "OBJ_330" = {
         isa = "PBXBuildFile";
         fileRef = "OBJ_130";
      };
      "OBJ_331" = {
         isa = "PBXBuildFile";
         fileRef = "OBJ_131";
      };
      "OBJ_332" = {
         isa = "PBXFrameworksBuildPhase";
         files = (
         );
      };
      "OBJ_333" = {
         isa = "XCConfigurationList";
         buildConfigurations = (
            "OBJ_334",
            "OBJ_335",
         );
         defaultConfigurationIsVisible = "0";
         defaultConfigurationName = "Debug";
      };
      "OBJ_334" = {
         isa = "XCBuildConfiguration";
         buildSettings = {
            ENABLE_TESTABILITY = "YES";
            FRAMEWORK_SEARCH_PATHS = (
               "$(inherited)",
               "$(PLATFORM_DIR)/Developer/Library/Frameworks",
            );
            HEADER_SEARCH_PATHS = (
               "$(inherited)",
            );
            INFOPLIST_FILE = "web3swift.xcodeproj/BigInt_Info.plist";
            LD_RUNPATH_SEARCH_PATHS = (
               "$(TOOLCHAIN_DIR)/usr/lib/swift/macosx",
            );
            OTHER_LDFLAGS = (
               "$(inherited)",
            );
            OTHER_SWIFT_FLAGS = (
               "$(inherited)",
            );
            PRODUCT_BUNDLE_IDENTIFIER = "BigInt";
            PRODUCT_MODULE_NAME = "$(TARGET_NAME:c99extidentifier)";
            PRODUCT_NAME = "$(TARGET_NAME:c99extidentifier)";
            SKIP_INSTALL = "YES";
            SWIFT_VERSION = "4.0";
            TARGET_NAME = "BigInt";
         };
         name = "Debug";
      };
      "OBJ_335" = {
         isa = "XCBuildConfiguration";
         buildSettings = {
            ENABLE_TESTABILITY = "YES";
            FRAMEWORK_SEARCH_PATHS = (
               "$(inherited)",
               "$(PLATFORM_DIR)/Developer/Library/Frameworks",
            );
            HEADER_SEARCH_PATHS = (
               "$(inherited)",
            );
            INFOPLIST_FILE = "web3swift.xcodeproj/BigInt_Info.plist";
            LD_RUNPATH_SEARCH_PATHS = (
               "$(TOOLCHAIN_DIR)/usr/lib/swift/macosx",
            );
            OTHER_LDFLAGS = (
               "$(inherited)",
            );
            OTHER_SWIFT_FLAGS = (
               "$(inherited)",
            );
            PRODUCT_BUNDLE_IDENTIFIER = "BigInt";
            PRODUCT_MODULE_NAME = "$(TARGET_NAME:c99extidentifier)";
            PRODUCT_NAME = "$(TARGET_NAME:c99extidentifier)";
            SKIP_INSTALL = "YES";
            SWIFT_VERSION = "4.0";
            TARGET_NAME = "BigInt";
         };
         name = "Release";
      };
      "OBJ_336" = {
         isa = "PBXSourcesBuildPhase";
         files = (
            "OBJ_337",
            "OBJ_338",
            "OBJ_339",
            "OBJ_340",
            "OBJ_341",
            "OBJ_342",
            "OBJ_343",
            "OBJ_344",
            "OBJ_345",
            "OBJ_346",
            "OBJ_347",
            "OBJ_348",
            "OBJ_349",
            "OBJ_350",
            "OBJ_351",
            "OBJ_352",
            "OBJ_353",
            "OBJ_354",
            "OBJ_355",
            "OBJ_356",
            "OBJ_357",
            "OBJ_358",
         );
      };
      "OBJ_337" = {
         isa = "PBXBuildFile";
         fileRef = "OBJ_135";
      };
      "OBJ_338" = {
         isa = "PBXBuildFile";
         fileRef = "OBJ_136";
      };
      "OBJ_339" = {
         isa = "PBXBuildFile";
         fileRef = "OBJ_137";
      };
      "OBJ_34" = {
         isa = "PBXFileReference";
         path = "BIP32HDNode.swift";
         sourceTree = "<group>";
      };
      "OBJ_340" = {
         isa = "PBXBuildFile";
         fileRef = "OBJ_138";
      };
      "OBJ_341" = {
         isa = "PBXBuildFile";
         fileRef = "OBJ_139";
      };
      "OBJ_342" = {
         isa = "PBXBuildFile";
         fileRef = "OBJ_140";
      };
      "OBJ_343" = {
         isa = "PBXBuildFile";
         fileRef = "OBJ_141";
      };
      "OBJ_344" = {
         isa = "PBXBuildFile";
         fileRef = "OBJ_142";
      };
      "OBJ_345" = {
         isa = "PBXBuildFile";
         fileRef = "OBJ_143";
      };
      "OBJ_346" = {
         isa = "PBXBuildFile";
         fileRef = "OBJ_144";
      };
      "OBJ_347" = {
         isa = "PBXBuildFile";
         fileRef = "OBJ_145";
      };
      "OBJ_348" = {
         isa = "PBXBuildFile";
         fileRef = "OBJ_146";
      };
      "OBJ_349" = {
         isa = "PBXBuildFile";
         fileRef = "OBJ_147";
      };
      "OBJ_35" = {
         isa = "PBXFileReference";
         path = "BIP32Keystore.swift";
         sourceTree = "<group>";
      };
      "OBJ_350" = {
         isa = "PBXBuildFile";
         fileRef = "OBJ_148";
      };
      "OBJ_351" = {
         isa = "PBXBuildFile";
         fileRef = "OBJ_149";
      };
      "OBJ_352" = {
         isa = "PBXBuildFile";
         fileRef = "OBJ_150";
      };
      "OBJ_353" = {
         isa = "PBXBuildFile";
         fileRef = "OBJ_151";
      };
      "OBJ_354" = {
         isa = "PBXBuildFile";
         fileRef = "OBJ_152";
      };
      "OBJ_355" = {
         isa = "PBXBuildFile";
         fileRef = "OBJ_153";
      };
      "OBJ_356" = {
         isa = "PBXBuildFile";
         fileRef = "OBJ_154";
      };
      "OBJ_357" = {
         isa = "PBXBuildFile";
         fileRef = "OBJ_155";
      };
      "OBJ_358" = {
         isa = "PBXBuildFile";
         fileRef = "OBJ_156";
      };
      "OBJ_359" = {
         isa = "PBXFrameworksBuildPhase";
         files = (
            "OBJ_360",
         );
      };
      "OBJ_36" = {
         isa = "PBXFileReference";
         path = "BIP32KeystoreJSONStructure.swift";
         sourceTree = "<group>";
      };
      "OBJ_360" = {
         isa = "PBXBuildFile";
         fileRef = "SipHash::SipHash::Product";
      };
      "OBJ_361" = {
         isa = "PBXTargetDependency";
         target = "SipHash::SipHash";
      };
      "OBJ_362" = {
         isa = "XCConfigurationList";
         buildConfigurations = (
            "OBJ_363",
            "OBJ_364",
         );
         defaultConfigurationIsVisible = "0";
         defaultConfigurationName = "Debug";
      };
      "OBJ_363" = {
         isa = "XCBuildConfiguration";
         buildSettings = {
            ENABLE_TESTABILITY = "YES";
            FRAMEWORK_SEARCH_PATHS = (
               "$(inherited)",
               "$(PLATFORM_DIR)/Developer/Library/Frameworks",
            );
            HEADER_SEARCH_PATHS = (
               "$(inherited)",
            );
            INFOPLIST_FILE = "web3swift.xcodeproj/SipHash_Info.plist";
            LD_RUNPATH_SEARCH_PATHS = (
               "$(TOOLCHAIN_DIR)/usr/lib/swift/macosx",
            );
            OTHER_LDFLAGS = (
               "$(inherited)",
            );
            OTHER_SWIFT_FLAGS = (
               "$(inherited)",
            );
            PRODUCT_BUNDLE_IDENTIFIER = "SipHash";
            PRODUCT_MODULE_NAME = "$(TARGET_NAME:c99extidentifier)";
            PRODUCT_NAME = "$(TARGET_NAME:c99extidentifier)";
            SKIP_INSTALL = "YES";
            SWIFT_VERSION = "4.0";
            TARGET_NAME = "SipHash";
         };
         name = "Debug";
      };
      "OBJ_364" = {
         isa = "XCBuildConfiguration";
         buildSettings = {
            ENABLE_TESTABILITY = "YES";
            FRAMEWORK_SEARCH_PATHS = (
               "$(inherited)",
               "$(PLATFORM_DIR)/Developer/Library/Frameworks",
            );
            HEADER_SEARCH_PATHS = (
               "$(inherited)",
            );
            INFOPLIST_FILE = "web3swift.xcodeproj/SipHash_Info.plist";
            LD_RUNPATH_SEARCH_PATHS = (
               "$(TOOLCHAIN_DIR)/usr/lib/swift/macosx",
            );
            OTHER_LDFLAGS = (
               "$(inherited)",
            );
            OTHER_SWIFT_FLAGS = (
               "$(inherited)",
            );
            PRODUCT_BUNDLE_IDENTIFIER = "SipHash";
            PRODUCT_MODULE_NAME = "$(TARGET_NAME:c99extidentifier)";
            PRODUCT_NAME = "$(TARGET_NAME:c99extidentifier)";
            SKIP_INSTALL = "YES";
            SWIFT_VERSION = "4.0";
            TARGET_NAME = "SipHash";
         };
         name = "Release";
      };
      "OBJ_365" = {
         isa = "PBXSourcesBuildPhase";
         files = (
            "OBJ_366",
            "OBJ_367",
            "OBJ_368",
            "OBJ_369",
         );
      };
      "OBJ_366" = {
         isa = "PBXBuildFile";
         fileRef = "OBJ_159";
      };
      "OBJ_367" = {
         isa = "PBXBuildFile";
         fileRef = "OBJ_160";
      };
      "OBJ_368" = {
         isa = "PBXBuildFile";
         fileRef = "OBJ_161";
      };
      "OBJ_369" = {
         isa = "PBXBuildFile";
         fileRef = "OBJ_162";
      };
      "OBJ_37" = {
         isa = "PBXFileReference";
         path = "BIP39+WordLists.swift";
         sourceTree = "<group>";
      };
      "OBJ_370" = {
         isa = "PBXFrameworksBuildPhase";
         files = (
         );
      };
      "OBJ_372" = {
         isa = "XCConfigurationList";
         buildConfigurations = (
            "OBJ_373",
            "OBJ_374",
         );
         defaultConfigurationIsVisible = "0";
         defaultConfigurationName = "Debug";
      };
      "OBJ_373" = {
         isa = "XCBuildConfiguration";
         buildSettings = {
         };
         name = "Debug";
      };
      "OBJ_374" = {
         isa = "XCBuildConfiguration";
         buildSettings = {
         };
         name = "Release";
      };
      "OBJ_375" = {
         isa = "PBXTargetDependency";
         target = "web3swift::web3swiftlinuxTests";
      };
      "OBJ_377" = {
         isa = "XCConfigurationList";
         buildConfigurations = (
            "OBJ_378",
            "OBJ_379",
         );
         defaultConfigurationIsVisible = "0";
         defaultConfigurationName = "Debug";
      };
      "OBJ_378" = {
         isa = "XCBuildConfiguration";
         buildSettings = {
         };
         name = "Debug";
      };
      "OBJ_379" = {
         isa = "XCBuildConfiguration";
         buildSettings = {
         };
         name = "Release";
      };
      "OBJ_38" = {
         isa = "PBXFileReference";
         path = "BIP39.swift";
         sourceTree = "<group>";
      };
      "OBJ_381" = {
         isa = "XCConfigurationList";
         buildConfigurations = (
            "OBJ_382",
            "OBJ_383",
         );
         defaultConfigurationIsVisible = "0";
         defaultConfigurationName = "Debug";
      };
      "OBJ_382" = {
         isa = "XCBuildConfiguration";
         buildSettings = {
         };
         name = "Debug";
      };
      "OBJ_383" = {
         isa = "XCBuildConfiguration";
         buildSettings = {
         };
         name = "Release";
      };
      "OBJ_39" = {
         isa = "PBXFileReference";
         path = "EthereumAddress.swift";
         sourceTree = "<group>";
      };
      "OBJ_4" = {
         isa = "XCBuildConfiguration";
         buildSettings = {
            CLANG_ENABLE_OBJC_ARC = "YES";
            COMBINE_HIDPI_IMAGES = "YES";
            COPY_PHASE_STRIP = "YES";
            DEBUG_INFORMATION_FORMAT = "dwarf-with-dsym";
            DYLIB_INSTALL_NAME_BASE = "@rpath";
            GCC_OPTIMIZATION_LEVEL = "s";
            MACOSX_DEPLOYMENT_TARGET = "10.10";
            OTHER_SWIFT_FLAGS = (
               "-DXcode",
            );
            PRODUCT_NAME = "$(TARGET_NAME)";
            SDKROOT = "macosx";
            SUPPORTED_PLATFORMS = (
               "macosx",
               "iphoneos",
               "iphonesimulator",
               "appletvos",
               "appletvsimulator",
               "watchos",
               "watchsimulator",
            );
            SWIFT_ACTIVE_COMPILATION_CONDITIONS = "SWIFT_PACKAGE";
            SWIFT_OPTIMIZATION_LEVEL = "-Owholemodule";
            USE_HEADERMAP = "NO";
         };
         name = "Release";
      };
      "OBJ_40" = {
         isa = "PBXFileReference";
         path = "EthereumKeystoreV3.swift";
         sourceTree = "<group>";
      };
      "OBJ_41" = {
         isa = "PBXFileReference";
         path = "KeystoreManager.swift";
         sourceTree = "<group>";
      };
      "OBJ_42" = {
         isa = "PBXFileReference";
         path = "KeystoreV3JSONStructure.swift";
         sourceTree = "<group>";
      };
      "OBJ_43" = {
         isa = "PBXFileReference";
         path = "Web3Swift+AbstractSigner.swift";
         sourceTree = "<group>";
      };
      "OBJ_44" = {
         isa = "PBXGroup";
         children = (
            "OBJ_45",
         );
         name = "Transaction";
         path = "Transaction";
         sourceTree = "<group>";
      };
      "OBJ_45" = {
         isa = "PBXGroup";
         children = (
            "OBJ_46",
         );
         name = "Classes";
         path = "Classes";
         sourceTree = "<group>";
      };
      "OBJ_46" = {
         isa = "PBXFileReference";
         path = "EthereumTransaction.swift";
         sourceTree = "<group>";
      };
      "OBJ_47" = {
         isa = "PBXGroup";
         children = (
            "OBJ_48",
         );
         name = "Utils";
         path = "Utils";
         sourceTree = "<group>";
      };
      "OBJ_48" = {
         isa = "PBXGroup";
         children = (
            "OBJ_49",
            "OBJ_50",
            "OBJ_51",
            "OBJ_52",
            "OBJ_53",
            "OBJ_54",
            "OBJ_55",
            "OBJ_56",
            "OBJ_57",
            "OBJ_58",
         );
         name = "Classes";
         path = "Classes";
         sourceTree = "<group>";
      };
      "OBJ_49" = {
         isa = "PBXFileReference";
         path = "Array+Extension.swift";
         sourceTree = "<group>";
      };
      "OBJ_5" = {
         isa = "PBXGroup";
         children = (
            "OBJ_6",
            "OBJ_7",
            "OBJ_59",
            "OBJ_62",
            "OBJ_164",
         );
         path = "";
         sourceTree = "<group>";
      };
      "OBJ_50" = {
         isa = "PBXFileReference";
         path = "Base58.swift";
         sourceTree = "<group>";
      };
      "OBJ_51" = {
         isa = "PBXFileReference";
         path = "CryptoExtensions.swift";
         sourceTree = "<group>";
      };
      "OBJ_52" = {
         isa = "PBXFileReference";
         path = "Data+Extension.swift";
         sourceTree = "<group>";
      };
      "OBJ_53" = {
         isa = "PBXFileReference";
         path = "Dictionary+Extension.swift";
         sourceTree = "<group>";
      };
      "OBJ_54" = {
         isa = "PBXFileReference";
         path = "DictionaryLiteralJSONSerializer.swift";
         sourceTree = "<group>";
      };
      "OBJ_55" = {
         isa = "PBXFileReference";
         path = "LibSecp256k1Extension.swift";
         sourceTree = "<group>";
      };
      "OBJ_56" = {
         isa = "PBXFileReference";
         path = "NSRegularExpressionExtension.swift";
         sourceTree = "<group>";
      };
      "OBJ_57" = {
         isa = "PBXFileReference";
         path = "RIPEMD160+StackOveflow.swift";
         sourceTree = "<group>";
      };
      "OBJ_58" = {
         isa = "PBXFileReference";
         path = "String+Extension.swift";
         sourceTree = "<group>";
      };
      "OBJ_59" = {
         isa = "PBXGroup";
         children = (
            "OBJ_60",
         );
         name = "Tests";
         path = "";
         sourceTree = "SOURCE_ROOT";
      };
      "OBJ_6" = {
         isa = "PBXFileReference";
         explicitFileType = "sourcecode.swift";
         path = "Package.swift";
         sourceTree = "<group>";
      };
      "OBJ_60" = {
         isa = "PBXGroup";
         children = (
            "OBJ_61",
         );
         name = "web3swiftlinuxTests";
         path = "Tests/web3swiftlinuxTests";
         sourceTree = "SOURCE_ROOT";
      };
      "OBJ_61" = {
         isa = "PBXFileReference";
         path = "web3swiftlinuxTests.swift";
         sourceTree = "<group>";
      };
      "OBJ_62" = {
         isa = "PBXGroup";
         children = (
            "OBJ_63",
            "OBJ_133",
            "OBJ_157",
         );
         name = "Dependencies";
         path = "";
         sourceTree = "<group>";
      };
      "OBJ_63" = {
         isa = "PBXGroup";
         children = (
            "OBJ_64",
            "OBJ_132",
         );
         name = "CryptoSwift 0.8.2";
         path = "";
         sourceTree = "SOURCE_ROOT";
      };
      "OBJ_64" = {
         isa = "PBXGroup";
         children = (
            "OBJ_65",
            "OBJ_66",
            "OBJ_67",
            "OBJ_68",
            "OBJ_69",
            "OBJ_70",
            "OBJ_71",
            "OBJ_72",
            "OBJ_73",
            "OBJ_84",
            "OBJ_85",
            "OBJ_86",
            "OBJ_87",
            "OBJ_88",
            "OBJ_89",
            "OBJ_90",
            "OBJ_91",
            "OBJ_92",
            "OBJ_102",
            "OBJ_103",
            "OBJ_104",
            "OBJ_105",
            "OBJ_106",
            "OBJ_107",
            "OBJ_108",
            "OBJ_109",
            "OBJ_115",
            "OBJ_116",
            "OBJ_117",
            "OBJ_118",
            "OBJ_119",
            "OBJ_120",
            "OBJ_121",
            "OBJ_122",
            "OBJ_123",
            "OBJ_124",
            "OBJ_125",
            "OBJ_126",
            "OBJ_127",
            "OBJ_128",
            "OBJ_129",
            "OBJ_130",
            "OBJ_131",
         );
         name = "CryptoSwift";
         path = ".build/checkouts/CryptoSwift.git--6440749087414195235/Sources/CryptoSwift";
         sourceTree = "SOURCE_ROOT";
      };
      "OBJ_65" = {
         isa = "PBXFileReference";
         path = "AES.Cryptors.swift";
         sourceTree = "<group>";
      };
      "OBJ_66" = {
         isa = "PBXFileReference";
         path = "AES.swift";
         sourceTree = "<group>";
      };
      "OBJ_67" = {
         isa = "PBXFileReference";
         path = "Array+Extension.swift";
         sourceTree = "<group>";
      };
      "OBJ_68" = {
         isa = "PBXFileReference";
         path = "Array+Extensions.swift";
         sourceTree = "<group>";
      };
      "OBJ_69" = {
         isa = "PBXFileReference";
         path = "Authenticator.swift";
         sourceTree = "<group>";
      };
      "OBJ_7" = {
         isa = "PBXGroup";
         children = (
            "OBJ_8",
         );
         name = "Sources";
         path = "Sources";
         sourceTree = "SOURCE_ROOT";
      };
      "OBJ_70" = {
         isa = "PBXFileReference";
         path = "BatchedCollection.swift";
         sourceTree = "<group>";
      };
      "OBJ_71" = {
         isa = "PBXFileReference";
         path = "Bit.swift";
         sourceTree = "<group>";
      };
      "OBJ_72" = {
         isa = "PBXFileReference";
         path = "BlockCipher.swift";
         sourceTree = "<group>";
      };
      "OBJ_73" = {
         isa = "PBXGroup";
         children = (
            "OBJ_74",
            "OBJ_75",
            "OBJ_76",
            "OBJ_77",
            "OBJ_78",
            "OBJ_79",
            "OBJ_80",
            "OBJ_81",
            "OBJ_82",
            "OBJ_83",
         );
         name = "BlockMode";
         path = "BlockMode";
         sourceTree = "<group>";
      };
      "OBJ_74" = {
         isa = "PBXFileReference";
         path = "BlockMode.swift";
         sourceTree = "<group>";
      };
      "OBJ_75" = {
         isa = "PBXFileReference";
         path = "BlockModeOptions.swift";
         sourceTree = "<group>";
      };
      "OBJ_76" = {
         isa = "PBXFileReference";
         path = "BlockModeWorker.swift";
         sourceTree = "<group>";
      };
      "OBJ_77" = {
         isa = "PBXFileReference";
         path = "CBC.swift";
         sourceTree = "<group>";
      };
      "OBJ_78" = {
         isa = "PBXFileReference";
         path = "CFB.swift";
         sourceTree = "<group>";
      };
      "OBJ_79" = {
         isa = "PBXFileReference";
         path = "CTR.swift";
         sourceTree = "<group>";
      };
      "OBJ_8" = {
         isa = "PBXGroup";
         children = (
            "OBJ_9",
            "OBJ_16",
            "OBJ_31",
            "OBJ_44",
            "OBJ_47",
         );
         name = "web3swift";
         path = "web3swift";
         sourceTree = "<group>";
      };
      "OBJ_80" = {
         isa = "PBXFileReference";
         path = "ECB.swift";
         sourceTree = "<group>";
      };
      "OBJ_81" = {
         isa = "PBXFileReference";
         path = "OFB.swift";
         sourceTree = "<group>";
      };
      "OBJ_82" = {
         isa = "PBXFileReference";
         path = "PCBC.swift";
         sourceTree = "<group>";
      };
      "OBJ_83" = {
         isa = "PBXFileReference";
         path = "RandomAccessBlockModeWorker.swift";
         sourceTree = "<group>";
      };
      "OBJ_84" = {
         isa = "PBXFileReference";
         path = "Blowfish.swift";
         sourceTree = "<group>";
      };
      "OBJ_85" = {
         isa = "PBXFileReference";
         path = "ChaCha20.swift";
         sourceTree = "<group>";
      };
      "OBJ_86" = {
         isa = "PBXFileReference";
         path = "Checksum.swift";
         sourceTree = "<group>";
      };
      "OBJ_87" = {
         isa = "PBXFileReference";
         path = "Cipher.swift";
         sourceTree = "<group>";
      };
      "OBJ_88" = {
         isa = "PBXFileReference";
         path = "Collection+Extension.swift";
         sourceTree = "<group>";
      };
      "OBJ_89" = {
         isa = "PBXFileReference";
         path = "Cryptors.swift";
         sourceTree = "<group>";
      };
      "OBJ_9" = {
         isa = "PBXGroup";
         children = (
            "OBJ_10",
         );
         name = "ABI";
         path = "ABI";
         sourceTree = "<group>";
      };
      "OBJ_90" = {
         isa = "PBXFileReference";
         path = "Digest.swift";
         sourceTree = "<group>";
      };
      "OBJ_91" = {
         isa = "PBXFileReference";
         path = "DigestType.swift";
         sourceTree = "<group>";
      };
      "OBJ_92" = {
         isa = "PBXGroup";
         children = (
            "OBJ_93",
            "OBJ_94",
            "OBJ_95",
            "OBJ_96",
            "OBJ_97",
            "OBJ_98",
            "OBJ_99",
            "OBJ_100",
            "OBJ_101",
         );
         name = "Foundation";
         path = "Foundation";
         sourceTree = "<group>";
      };
      "OBJ_93" = {
         isa = "PBXFileReference";
         path = "AES+Foundation.swift";
         sourceTree = "<group>";
      };
      "OBJ_94" = {
         isa = "PBXFileReference";
         path = "Array+Foundation.swift";
         sourceTree = "<group>";
      };
      "OBJ_95" = {
         isa = "PBXFileReference";
         path = "Blowfish+Foundation.swift";
         sourceTree = "<group>";
      };
      "OBJ_96" = {
         isa = "PBXFileReference";
         path = "ChaCha20+Foundation.swift";
         sourceTree = "<group>";
      };
      "OBJ_97" = {
         isa = "PBXFileReference";
         path = "Data+Extension.swift";
         sourceTree = "<group>";
      };
      "OBJ_98" = {
         isa = "PBXFileReference";
         path = "HMAC+Foundation.swift";
         sourceTree = "<group>";
      };
      "OBJ_99" = {
         isa = "PBXFileReference";
         path = "Rabbit+Foundation.swift";
         sourceTree = "<group>";
      };
      "SipHash::SipHash" = {
         isa = "PBXNativeTarget";
         buildConfigurationList = "OBJ_362";
         buildPhases = (
            "OBJ_365",
            "OBJ_370",
         );
         dependencies = (
         );
         name = "SipHash";
         productName = "SipHash";
         productReference = "SipHash::SipHash::Product";
         productType = "com.apple.product-type.framework";
      };
      "SipHash::SipHash::Product" = {
         isa = "PBXFileReference";
         path = "SipHash.framework";
         sourceTree = "BUILT_PRODUCTS_DIR";
      };
      "SipHash::SwiftPMPackageDescription" = {
         isa = "PBXNativeTarget";
         buildConfigurationList = "OBJ_189";
         buildPhases = (
            "OBJ_192",
         );
         dependencies = (
         );
         name = "SipHashPackageDescription";
         productName = "SipHashPackageDescription";
         productType = "com.apple.product-type.framework";
      };
      "Sodium::Sodium::ProductTarget" = {
         isa = "PBXAggregateTarget";
         buildConfigurationList = "OBJ_381";
         buildPhases = (
         );
         dependencies = (
         );
         name = "Sodium";
         productName = "Sodium";
      };
      "secp256k1_swift::secp256k1_swift::ProductTarget" = {
         isa = "PBXAggregateTarget";
         buildConfigurationList = "OBJ_377";
         buildPhases = (
         );
         dependencies = (
         );
         name = "secp256k1_swift";
         productName = "secp256k1_swift";
      };
      "web3swift::SwiftPMPackageDescription" = {
         isa = "PBXNativeTarget";
         buildConfigurationList = "OBJ_171";
         buildPhases = (
            "OBJ_174",
         );
         dependencies = (
         );
         name = "web3swiftPackageDescription";
         productName = "web3swiftPackageDescription";
         productType = "com.apple.product-type.framework";
      };
      "web3swift::web3swift" = {
         isa = "PBXNativeTarget";
         buildConfigurationList = "OBJ_213";
         buildPhases = (
            "OBJ_216",
            "OBJ_257",
         );
         dependencies = (
            "OBJ_261",
            "OBJ_262",
            "OBJ_263",
         );
         name = "web3swift";
         productName = "web3swift";
         productReference = "web3swift::web3swift::Product";
         productType = "com.apple.product-type.framework";
      };
      "web3swift::web3swift::Product" = {
         isa = "PBXFileReference";
         path = "web3swift.framework";
         sourceTree = "BUILT_PRODUCTS_DIR";
      };
      "web3swift::web3swiftPackageTests::ProductTarget" = {
         isa = "PBXAggregateTarget";
         buildConfigurationList = "OBJ_372";
         buildPhases = (
         );
         dependencies = (
            "OBJ_375",
         );
         name = "web3swiftPackageTests";
         productName = "web3swiftPackageTests";
      };
      "web3swift::web3swiftlinuxTests" = {
         isa = "PBXNativeTarget";
         buildConfigurationList = "OBJ_195";
         buildPhases = (
            "OBJ_198",
            "OBJ_200",
         );
         dependencies = (
            "OBJ_205",
            "OBJ_207",
            "OBJ_209",
            "OBJ_211",
         );
         name = "web3swiftlinuxTests";
         productName = "web3swiftlinuxTests";
         productReference = "web3swift::web3swiftlinuxTests::Product";
         productType = "com.apple.product-type.bundle.unit-test";
      };
      "web3swift::web3swiftlinuxTests::Product" = {
         isa = "PBXFileReference";
         path = "web3swiftlinuxTests.xctest";
         sourceTree = "BUILT_PRODUCTS_DIR";
      };
   };
   rootObject = "OBJ_1";
}
